
Microsoft Visual Studio Solution File, Format Version 12.00
# Visual Studio Version 16
VisualStudioVersion = 16.0.29326.143
MinimumVisualStudioVersion = 10.0.40219.1
Project("{FAE04EC0-301F-11D3-BF4B-00C04F79EFBC}") = "LismanService", "LismanService\LismanService.csproj", "{05A3114B-BF6E-45A1-9FB3-27B123ED3186}"
EndProject
Project("{FAE04EC0-301F-11D3-BF4B-00C04F79EFBC}") = "Host", "Host\Host.csproj", "{801A7D1E-A90B-426B-9B92-52461F643D9C}"
EndProject
Project("{FAE04EC0-301F-11D3-BF4B-00C04F79EFBC}") = "DataAccess", "DataAccess\DataAccess.csproj", "{2D1973E7-C468-4F84-B776-8A9795B70FC2}"
EndProject
Project("{FAE04EC0-301F-11D3-BF4B-00C04F79EFBC}") = "UnitTest", "UnitTest\UnitTest.csproj", "{FF46DE1A-026D-4028-A386-67C51116DD14}"
EndProject
Global
	GlobalSection(SolutionConfigurationPlatforms) = preSolution
		Debug|Any CPU = Debug|Any CPU
		Release|Any CPU = Release|Any CPU
	EndGlobalSection
	GlobalSection(ProjectConfigurationPlatforms) = postSolution
		{05A3114B-BF6E-45A1-9FB3-27B123ED3186}.Debug|Any CPU.ActiveCfg = Debug|Any CPU
		{05A3114B-BF6E-45A1-9FB3-27B123ED3186}.Debug|Any CPU.Build.0 = Debug|Any CPU
		{05A3114B-BF6E-45A1-9FB3-27B123ED3186}.Release|Any CPU.ActiveCfg = Release|Any CPU
		{05A3114B-BF6E-45A1-9FB3-27B123ED3186}.Release|Any CPU.Build.0 = Release|Any CPU
		{801A7D1E-A90B-426B-9B92-52461F643D9C}.Debug|Any CPU.ActiveCfg = Debug|Any CPU
		{801A7D1E-A90B-426B-9B92-52461F643D9C}.Debug|Any CPU.Build.0 = Debug|Any CPU
		{801A7D1E-A90B-426B-9B92-52461F643D9C}.Release|Any CPU.ActiveCfg = Release|Any CPU
		{801A7D1E-A90B-426B-9B92-52461F643D9C}.Release|Any CPU.Build.0 = Release|Any CPU
		{2D1973E7-C468-4F84-B776-8A9795B70FC2}.Debug|Any CPU.ActiveCfg = Debug|Any CPU
		{2D1973E7-C468-4F84-B776-8A9795B70FC2}.Debug|Any CPU.Build.0 = Debug|Any CPU
		{2D1973E7-C468-4F84-B776-8A9795B70FC2}.Release|Any CPU.ActiveCfg = Release|Any CPU
		{2D1973E7-C468-4F84-B776-8A9795B70FC2}.Release|Any CPU.Build.0 = Release|Any CPU
		{FF46DE1A-026D-4028-A386-67C51116DD14}.Debug|Any CPU.ActiveCfg = Debug|Any CPU
		{FF46DE1A-026D-4028-A386-67C51116DD14}.Debug|Any CPU.Build.0 = Debug|Any CPU
		{FF46DE1A-026D-4028-A386-67C51116DD14}.Release|Any CPU.ActiveCfg = Release|Any CPU
		{FF46DE1A-026D-4028-A386-67C51116DD14}.Release|Any CPU.Build.0 = Release|Any CPU
	EndGlobalSection
	GlobalSection(SolutionProperties) = preSolution
		HideSolutionNode = FALSE
	EndGlobalSection
	GlobalSection(ExtensibilityGlobals) = postSolution
		SolutionGuid = {FBE63A64-3744-42E2-B773-9BE2C123EA62}
	EndGlobalSection
EndGlobal
